
Microsoft Visual Studio Solution File, Format Version 12.00
# Visual Studio Version 17
VisualStudioVersion = 17.9.34622.214
MinimumVisualStudioVersion = 10.0.40219.1
Project("{9A19103F-16F7-4668-BE54-9A1E7A4F7556}") = "MovieSearchApp.Server", "MovieSearchApp.Server\MovieSearchApp.Server.csproj", "{79C1E532-DB61-4463-81BC-4F5E83410F7B}"
EndProject
Project("{54A90642-561A-4BB1-A94E-469ADEE60C69}") = "moviesearchapp.client", "moviesearchapp.client\moviesearchapp.client.esproj", "{B9C36530-618B-49E5-9451-5C476E5D83D9}"
EndProject
Project("{FAE04EC0-301F-11D3-BF4B-00C04F79EFBC}") = "MovieTest", "MovieTest\MovieTest.csproj", "{F5542C6E-FF4E-4939-B789-B232509B7220}"
EndProject
Global
	GlobalSection(SolutionConfigurationPlatforms) = preSolution
		Debug|Any CPU = Debug|Any CPU
		Release|Any CPU = Release|Any CPU
	EndGlobalSection
	GlobalSection(ProjectConfigurationPlatforms) = postSolution
		{79C1E532-DB61-4463-81BC-4F5E83410F7B}.Debug|Any CPU.ActiveCfg = Debug|Any CPU
		{79C1E532-DB61-4463-81BC-4F5E83410F7B}.Debug|Any CPU.Build.0 = Debug|Any CPU
		{79C1E532-DB61-4463-81BC-4F5E83410F7B}.Release|Any CPU.ActiveCfg = Release|Any CPU
		{79C1E532-DB61-4463-81BC-4F5E83410F7B}.Release|Any CPU.Build.0 = Release|Any CPU
		{B9C36530-618B-49E5-9451-5C476E5D83D9}.Debug|Any CPU.ActiveCfg = Debug|Any CPU
		{B9C36530-618B-49E5-9451-5C476E5D83D9}.Debug|Any CPU.Build.0 = Debug|Any CPU
		{B9C36530-618B-49E5-9451-5C476E5D83D9}.Debug|Any CPU.Deploy.0 = Debug|Any CPU
		{B9C36530-618B-49E5-9451-5C476E5D83D9}.Release|Any CPU.ActiveCfg = Release|Any CPU
		{B9C36530-618B-49E5-9451-5C476E5D83D9}.Release|Any CPU.Build.0 = Release|Any CPU
		{B9C36530-618B-49E5-9451-5C476E5D83D9}.Release|Any CPU.Deploy.0 = Release|Any CPU
		{F5542C6E-FF4E-4939-B789-B232509B7220}.Debug|Any CPU.ActiveCfg = Debug|Any CPU
		{F5542C6E-FF4E-4939-B789-B232509B7220}.Debug|Any CPU.Build.0 = Debug|Any CPU
		{F5542C6E-FF4E-4939-B789-B232509B7220}.Release|Any CPU.ActiveCfg = Release|Any CPU
		{F5542C6E-FF4E-4939-B789-B232509B7220}.Release|Any CPU.Build.0 = Release|Any CPU
	EndGlobalSection
	GlobalSection(SolutionProperties) = preSolution
		HideSolutionNode = FALSE
	EndGlobalSection
	GlobalSection(ExtensibilityGlobals) = postSolution
		SolutionGuid = {DACD07F6-B711-40F4-AE79-A41D1B68DD33}
	EndGlobalSection
EndGlobal
